// !$*UTF8*$!
{
	archiveVersion = 1;
	classes = {
	};
	objectVersion = 46;
	objects = {

/* Begin PBXBuildFile section */
		BC3246C01AF45B6400CC72BA /* AppDelegate.swift in Sources */ = {isa = PBXBuildFile; fileRef = BC3246BF1AF45B6400CC72BA /* AppDelegate.swift */; };
		BC3246C21AF45B6400CC72BA /* ViewController.swift in Sources */ = {isa = PBXBuildFile; fileRef = BC3246C11AF45B6400CC72BA /* ViewController.swift */; };
		BC3246C51AF45B6400CC72BA /* Main.storyboard in Resources */ = {isa = PBXBuildFile; fileRef = BC3246C31AF45B6400CC72BA /* Main.storyboard */; };
		BC3246C71AF45B6400CC72BA /* Images.xcassets in Resources */ = {isa = PBXBuildFile; fileRef = BC3246C61AF45B6400CC72BA /* Images.xcassets */; };
		BC3246CA1AF45B6400CC72BA /* LaunchScreen.xib in Resources */ = {isa = PBXBuildFile; fileRef = BC3246C81AF45B6400CC72BA /* LaunchScreen.xib */; };
		BC3246D61AF45B6400CC72BA /* TwitterTests.swift in Sources */ = {isa = PBXBuildFile; fileRef = BC3246D51AF45B6400CC72BA /* TwitterTests.swift */; };
/* End PBXBuildFile section */

/* Begin PBXContainerItemProxy section */
		BC3246D01AF45B6400CC72BA /* PBXContainerItemProxy */ = {
			isa = PBXContainerItemProxy;
			containerPortal = BC3246B21AF45B6400CC72BA /* Project object */;
			proxyType = 1;
			remoteGlobalIDString = BC3246B91AF45B6400CC72BA;
			remoteInfo = Twitter;
		};
/* End PBXContainerItemProxy section */

/* Begin PBXFileReference section */
		BC3246BA1AF45B6400CC72BA /* Twitter.app */ = {isa = PBXFileReference; explicitFileType = wrapper.application; includeInIndex = 0; path = Twitter.app; sourceTree = BUILT_PRODUCTS_DIR; };
		BC3246BE1AF45B6400CC72BA /* Info.plist */ = {isa = PBXFileReference; lastKnownFileType = text.plist.xml; path = Info.plist; sourceTree = "<group>"; };
		BC3246BF1AF45B6400CC72BA /* AppDelegate.swift */ = {isa = PBXFileReference; lastKnownFileType = sourcecode.swift; path = AppDelegate.swift; sourceTree = "<group>"; };
		BC3246C11AF45B6400CC72BA /* ViewController.swift */ = {isa = PBXFileReference; lastKnownFileType = sourcecode.swift; path = ViewController.swift; sourceTree = "<group>"; };
		BC3246C41AF45B6400CC72BA /* Base */ = {isa = PBXFileReference; lastKnownFileType = file.storyboard; name = Base; path = Base.lproj/Main.storyboard; sourceTree = "<group>"; };
		BC3246C61AF45B6400CC72BA /* Images.xcassets */ = {isa = PBXFileReference; lastKnownFileType = folder.assetcatalog; path = Images.xcassets; sourceTree = "<group>"; };
		BC3246C91AF45B6400CC72BA /* Base */ = {isa = PBXFileReference; lastKnownFileType = file.xib; name = Base; path = Base.lproj/LaunchScreen.xib; sourceTree = "<group>"; };
		BC3246CF1AF45B6400CC72BA /* TwitterTests.xctest */ = {isa = PBXFileReference; explicitFileType = wrapper.cfbundle; includeInIndex = 0; path = TwitterTests.xctest; sourceTree = BUILT_PRODUCTS_DIR; };
		BC3246D41AF45B6400CC72BA /* Info.plist */ = {isa = PBXFileReference; lastKnownFileType = text.plist.xml; path = Info.plist; sourceTree = "<group>"; };
		BC3246D51AF45B6400CC72BA /* TwitterTests.swift */ = {isa = PBXFileReference; lastKnownFileType = sourcecode.swift; path = TwitterTests.swift; sourceTree = "<group>"; };
/* End PBXFileReference section */

/* Begin PBXFrameworksBuildPhase section */
		BC3246B71AF45B6400CC72BA /* Frameworks */ = {
			isa = PBXFrameworksBuildPhase;
			buildActionMask = 2147483647;
			files = (
			);
			runOnlyForDeploymentPostprocessing = 0;
		};
		BC3246CC1AF45B6400CC72BA /* Frameworks */ = {
			isa = PBXFrameworksBuildPhase;
			buildActionMask = 2147483647;
			files = (
			);
			runOnlyForDeploymentPostprocessing = 0;
		};
/* End PBXFrameworksBuildPhase section */

/* Begin PBXGroup section */
		BC3246B11AF45B6400CC72BA = {
			isa = PBXGroup;
			children = (
				BC3246BC1AF45B6400CC72BA /* Twitter */,
				BC3246D21AF45B6400CC72BA /* TwitterTests */,
				BC3246BB1AF45B6400CC72BA /* Products */,
			);
			sourceTree = "<group>";
		};
		BC3246BB1AF45B6400CC72BA /* Products */ = {
			isa = PBXGroup;
			children = (
				BC3246BA1AF45B6400CC72BA /* Twitter.app */,
				BC3246CF1AF45B6400CC72BA /* TwitterTests.xctest */,
			);
			name = Products;
			sourceTree = "<group>";
		};
		BC3246BC1AF45B6400CC72BA /* Twitter */ = {
			isa = PBXGroup;
			children = (
				BC3246BF1AF45B6400CC72BA /* AppDelegate.swift */,
				BC3246C11AF45B6400CC72BA /* ViewController.swift */,
				BC3246C31AF45B6400CC72BA /* Main.storyboard */,
				BC3246C61AF45B6400CC72BA /* Images.xcassets */,
				BC3246C81AF45B6400CC72BA /* LaunchScreen.xib */,
				BC3246BD1AF45B6400CC72BA /* Supporting Files */,
			);
			path = Twitter;
			sourceTree = "<group>";
		};
		BC3246BD1AF45B6400CC72BA /* Supporting Files */ = {
			isa = PBXGroup;
			children = (
				BC3246BE1AF45B6400CC72BA /* Info.plist */,
			);
			name = "Supporting Files";
			sourceTree = "<group>";
		};
		BC3246D21AF45B6400CC72BA /* TwitterTests */ = {
			isa = PBXGroup;
			children = (
				BC3246D51AF45B6400CC72BA /* TwitterTests.swift */,
				BC3246D31AF45B6400CC72BA /* Supporting Files */,
			);
			path = TwitterTests;
			sourceTree = "<group>";
		};
		BC3246D31AF45B6400CC72BA /* Supporting Files */ = {
			isa = PBXGroup;
			children = (
				BC3246D41AF45B6400CC72BA /* Info.plist */,
			);
			name = "Supporting Files";
			sourceTree = "<group>";
		};
/* End PBXGroup section */

/* Begin PBXNativeTarget section */
		BC3246B91AF45B6400CC72BA /* Twitter */ = {
			isa = PBXNativeTarget;
			buildConfigurationList = BC3246D91AF45B6400CC72BA /* Build configuration list for PBXNativeTarget "Twitter" */;
			buildPhases = (
				BC3246B61AF45B6400CC72BA /* Sources */,
				BC3246B71AF45B6400CC72BA /* Frameworks */,
				BC3246B81AF45B6400CC72BA /* Resources */,
			);
			buildRules = (
			);
			dependencies = (
			);
			name = Twitter;
			productName = Twitter;
			productReference = BC3246BA1AF45B6400CC72BA /* Twitter.app */;
			productType = "com.apple.product-type.application";
		};
		BC3246CE1AF45B6400CC72BA /* TwitterTests */ = {
			isa = PBXNativeTarget;
			buildConfigurationList = BC3246DC1AF45B6400CC72BA /* Build configuration list for PBXNativeTarget "TwitterTests" */;
			buildPhases = (
				BC3246CB1AF45B6400CC72BA /* Sources */,
				BC3246CC1AF45B6400CC72BA /* Frameworks */,
				BC3246CD1AF45B6400CC72BA /* Resources */,
			);
			buildRules = (
			);
			dependencies = (
				BC3246D11AF45B6400CC72BA /* PBXTargetDependency */,
			);
			name = TwitterTests;
			productName = TwitterTests;
			productReference = BC3246CF1AF45B6400CC72BA /* TwitterTests.xctest */;
			productType = "com.apple.product-type.bundle.unit-test";
		};
/* End PBXNativeTarget section */

/* Begin PBXProject section */
		BC3246B21AF45B6400CC72BA /* Project object */ = {
			isa = PBXProject;
			attributes = {
				LastUpgradeCheck = 0630;
				ORGANIZATIONNAME = "Matt Cline";
				TargetAttributes = {
					BC3246B91AF45B6400CC72BA = {
						CreatedOnToolsVersion = 6.3.1;
					};
					BC3246CE1AF45B6400CC72BA = {
						CreatedOnToolsVersion = 6.3.1;
						TestTargetID = BC3246B91AF45B6400CC72BA;
					};
				};
			};
			buildConfigurationList = BC3246B51AF45B6400CC72BA /* Build configuration list for PBXProject "Twitter" */;
			compatibilityVersion = "Xcode 3.2";
			developmentRegion = English;
			hasScannedForEncodings = 0;
			knownRegions = (
				en,
				Base,
			);
			mainGroup = BC3246B11AF45B6400CC72BA;
			productRefGroup = BC3246BB1AF45B6400CC72BA /* Products */;
			projectDirPath = "";
			projectRoot = "";
			targets = (
				BC3246B91AF45B6400CC72BA /* Twitter */,
				BC3246CE1AF45B6400CC72BA /* TwitterTests */,
			);
		};
/* End PBXProject section */

/* Begin PBXResourcesBuildPhase section */
		BC3246B81AF45B6400CC72BA /* Resources */ = {
			isa = PBXResourcesBuildPhase;
			buildActionMask = 2147483647;
			files = (
				BC3246C51AF45B6400CC72BA /* Main.storyboard in Resources */,
				BC3246CA1AF45B6400CC72BA /* LaunchScreen.xib in Resources */,
				BC3246C71AF45B6400CC72BA /* Images.xcassets in Resources */,
			);
			runOnlyForDeploymentPostprocessing = 0;
		};
		BC3246CD1AF45B6400CC72BA /* Resources */ = {
			isa = PBXResourcesBuildPhase;
			buildActionMask = 2147483647;
			files = (
			);
			runOnlyForDeploymentPostprocessing = 0;
		};
/* End PBXResourcesBuildPhase section */

/* Begin PBXSourcesBuildPhase section */
		BC3246B61AF45B6400CC72BA /* Sources */ = {
			isa = PBXSourcesBuildPhase;
			buildActionMask = 2147483647;
			files = (
				BC3246C21AF45B6400CC72BA /* ViewController.swift in Sources */,
				BC3246C01AF45B6400CC72BA /* AppDelegate.swift in Sources */,
			);
			runOnlyForDeploymentPostprocessing = 0;
		};
		BC3246CB1AF45B6400CC72BA /* Sources */ = {
			isa = PBXSourcesBuildPhase;
			buildActionMask = 2147483647;
			files = (
				BC3246D61AF45B6400CC72BA /* TwitterTests.swift in Sources */,
			);
			runOnlyForDeploymentPostprocessing = 0;
		};
/* End PBXSourcesBuildPhase section */

/* Begin PBXTargetDependency section */
		BC3246D11AF45B6400CC72BA /* PBXTargetDependency */ = {
			isa = PBXTargetDependency;
			target = BC3246B91AF45B6400CC72BA /* Twitter */;
			targetProxy = BC3246D01AF45B6400CC72BA /* PBXContainerItemProxy */;
		};
/* End PBXTargetDependency section */

/* Begin PBXVariantGroup section */
		BC3246C31AF45B6400CC72BA /* Main.storyboard */ = {
			isa = PBXVariantGroup;
			children = (
				BC3246C41AF45B6400CC72BA /* Base */,
			);
			name = Main.storyboard;
			sourceTree = "<group>";
		};
		BC3246C81AF45B6400CC72BA /* LaunchScreen.xib */ = {
			isa = PBXVariantGroup;
			children = (
				BC3246C91AF45B6400CC72BA /* Base */,
			);
			name = LaunchScreen.xib;
			sourceTree = "<group>";
		};
/* End PBXVariantGroup section */

/* Begin XCBuildConfiguration section */
		BC3246D71AF45B6400CC72BA /* Debug */ = {
			isa = XCBuildConfiguration;
			buildSettings = {
				ALWAYS_SEARCH_USER_PATHS = NO;
				CLANG_CXX_LANGUAGE_STANDARD = "gnu++0x";
				CLANG_CXX_LIBRARY = "libc++";
				CLANG_ENABLE_MODULES = YES;
				CLANG_ENABLE_OBJC_ARC = YES;
				CLANG_WARN_BOOL_CONVERSION = YES;
				CLANG_WARN_CONSTANT_CONVERSION = YES;
				CLANG_WARN_DIRECT_OBJC_ISA_USAGE = YES_ERROR;
				CLANG_WARN_EMPTY_BODY = YES;
				CLANG_WARN_ENUM_CONVERSION = YES;
				CLANG_WARN_INT_CONVERSION = YES;
				CLANG_WARN_OBJC_ROOT_CLASS = YES_ERROR;
				CLANG_WARN_UNREACHABLE_CODE = YES;
				CLANG_WARN__DUPLICATE_METHOD_MATCH = YES;
				"CODE_SIGN_IDENTITY[sdk=iphoneos*]" = "iPhone Developer";
				COPY_PHASE_STRIP = NO;
				DEBUG_INFORMATION_FORMAT = "dwarf-with-dsym";
				ENABLE_STRICT_OBJC_MSGSEND = YES;
				GCC_C_LANGUAGE_STANDARD = gnu99;
				GCC_DYNAMIC_NO_PIC = NO;
				GCC_NO_COMMON_BLOCKS = YES;
				GCC_OPTIMIZATION_LEVEL = 0;
				GCC_PREPROCESSOR_DEFINITIONS = (
					"DEBUG=1",
					"$(inherited)",
				);
				GCC_SYMBOLS_PRIVATE_EXTERN = NO;
				GCC_WARN_64_TO_32_BIT_CONVERSION = YES;
				GCC_WARN_ABOUT_RETURN_TYPE = YES_ERROR;
				GCC_WARN_UNDECLARED_SELECTOR = YES;
				GCC_WARN_UNINITIALIZED_AUTOS = YES_AGGRESSIVE;
				GCC_WARN_UNUSED_FUNCTION = YES;
				GCC_WARN_UNUSED_VARIABLE = YES;
				IPHONEOS_DEPLOYMENT_TARGET = 8.3;
				MTL_ENABLE_DEBUG_INFO = YES;
				ONLY_ACTIVE_ARCH = YES;
				SDKROOT = iphoneos;
				SWIFT_OPTIMIZATION_LEVEL = "-Onone";
			};
			name = Debug;
		};
		BC3246D81AF45B6400CC72BA /* Release */ = {
			isa = XCBuildConfiguration;
			buildSettings = {
				ALWAYS_SEARCH_USER_PATHS = NO;
				CLANG_CXX_LANGUAGE_STANDARD = "gnu++0x";
				CLANG_CXX_LIBRARY = "libc++";
				CLANG_ENABLE_MODULES = YES;
				CLANG_ENABLE_OBJC_ARC = YES;
				CLANG_WARN_BOOL_CONVERSION = YES;
				CLANG_WARN_CONSTANT_CONVERSION = YES;
				CLANG_WARN_DIRECT_OBJC_ISA_USAGE = YES_ERROR;
				CLANG_WARN_EMPTY_BODY = YES;
				CLANG_WARN_ENUM_CONVERSION = YES;
				CLANG_WARN_INT_CONVERSION = YES;
				CLANG_WARN_OBJC_ROOT_CLASS = YES_ERROR;
				CLANG_WARN_UNREACHABLE_CODE = YES;
				CLANG_WARN__DUPLICATE_METHOD_MATCH = YES;
				"CODE_SIGN_IDENTITY[sdk=iphoneos*]" = "iPhone Developer";
				COPY_PHASE_STRIP = NO;
				DEBUG_INFORMATION_FORMAT = "dwarf-with-dsym";
				ENABLE_NS_ASSERTIONS = NO;
				ENABLE_STRICT_OBJC_MSGSEND = YES;
				GCC_C_LANGUAGE_STANDARD = gnu99;
				GCC_NO_COMMON_BLOCKS = YES;
				GCC_WARN_64_TO_32_BIT_CONVERSION = YES;
				GCC_WARN_ABOUT_RETURN_TYPE = YES_ERROR;
				GCC_WARN_UNDECLARED_SELECTOR = YES;
				GCC_WARN_UNINITIALIZED_AUTOS = YES_AGGRESSIVE;
				GCC_WARN_UNUSED_FUNCTION = YES;
				GCC_WARN_UNUSED_VARIABLE = YES;
				IPHONEOS_DEPLOYMENT_TARGET = 8.3;
				MTL_ENABLE_DEBUG_INFO = NO;
				SDKROOT = iphoneos;
				VALIDATE_PRODUCT = YES;
			};
			name = Release;
		};
		BC3246DA1AF45B6400CC72BA /* Debug */ = {
			isa = XCBuildConfiguration;
			buildSettings = {
				ASSETCATALOG_COMPILER_APPICON_NAME = AppIcon;
				INFOPLIST_FILE = Twitter/Info.plist;
				LD_RUNPATH_SEARCH_PATHS = "$(inherited) @executable_path/Frameworks";
				PRODUCT_NAME = "$(TARGET_NAME)";
			};
			name = Debug;
		};
		BC3246DB1AF45B6400CC72BA /* Release */ = {
			isa = XCBuildConfiguration;
			buildSettings = {
				ASSETCATALOG_COMPILER_APPICON_NAME = AppIcon;
				INFOPLIST_FILE = Twitter/Info.plist;
				LD_RUNPATH_SEARCH_PATHS = "$(inherited) @executable_path/Frameworks";
				PRODUCT_NAME = "$(TARGET_NAME)";
			};
			name = Release;
		};
		BC3246DD1AF45B6400CC72BA /* Debug */ = {
			isa = XCBuildConfiguration;
			buildSettings = {
				BUNDLE_LOADER = "$(TEST_HOST)";
				FRAMEWORK_SEARCH_PATHS = (
					"$(SDKROOT)/Developer/Library/Frameworks",
					"$(inherited)",
				);
				GCC_PREPROCESSOR_DEFINITIONS = (
					"DEBUG=1",
					"$(inherited)",
				);
				INFOPLIST_FILE = TwitterTests/Info.plist;
				LD_RUNPATH_SEARCH_PATHS = "$(inherited) @executable_path/Frameworks @loader_path/Frameworks";
				PRODUCT_NAME = "$(TARGET_NAME)";
				TEST_HOST = "$(BUILT_PRODUCTS_DIR)/Twitter.app/Twitter";
			};
			name = Debug;
		};
		BC3246DE1AF45B6400CC72BA /* Release */ = {
			isa = XCBuildConfiguration;
			buildSettings = {
				BUNDLE_LOADER = "$(TEST_HOST)";
				FRAMEWORK_SEARCH_PATHS = (
					"$(SDKROOT)/Developer/Library/Frameworks",
					"$(inherited)",
				);
				INFOPLIST_FILE = TwitterTests/Info.plist;
				LD_RUNPATH_SEARCH_PATHS = "$(inherited) @executable_path/Frameworks @loader_path/Frameworks";
				PRODUCT_NAME = "$(TARGET_NAME)";
				TEST_HOST = "$(BUILT_PRODUCTS_DIR)/Twitter.app/Twitter";
			};
			name = Release;
		};
/* End XCBuildConfiguration section */

/* Begin XCConfigurationList section */
		BC3246B51AF45B6400CC72BA /* Build configuration list for PBXProject "Twitter" */ = {
			isa = XCConfigurationList;
			buildConfigurations = (
				BC3246D71AF45B6400CC72BA /* Debug */,
				BC3246D81AF45B6400CC72BA /* Release */,
			);
			defaultConfigurationIsVisible = 0;
			defaultConfigurationName = Release;
		};
		BC3246D91AF45B6400CC72BA /* Build configuration list for PBXNativeTarget "Twitter" */ = {
			isa = XCConfigurationList;
			buildConfigurations = (
				BC3246DA1AF45B6400CC72BA /* Debug */,
				BC3246DB1AF45B6400CC72BA /* Release */,
			);
			defaultConfigurationIsVisible = 0;
		};
		BC3246DC1AF45B6400CC72BA /* Build configuration list for PBXNativeTarget "TwitterTests" */ = {
			isa = XCConfigurationList;
			buildConfigurations = (
				BC3246DD1AF45B6400CC72BA /* Debug */,
				BC3246DE1AF45B6400CC72BA /* Release */,
			);
			defaultConfigurationIsVisible = 0;
		};
/* End XCConfigurationList section */
	};
	rootObject = BC3246B21AF45B6400CC72BA /* Project object */;
}
